
{
  "name": "first-web-app",
  "version": "0.0.0",
  "lockfileVersion": 1,
  "requires": true,
  "dependencies": {
    "@angular-devkit/architect": {
      "version": "0.10.3",
      "resolved": "https://registry.npmjs.org/@angular-devkit/architect/-/architect-0.10.3.tgz",
      "integrity": "sha512-6isM3knVRsdS3RTh43cwgOpvp5EIm5OswQuimNru+7uP8qhOBDQdRTd/w/HthmHylKPsEFPqEo1l2KoZCCSwvw==",
      "dev": true,
      "requires": {
        "@angular-devkit/core": "7.0.3",
        "rxjs": "6.3.3"
      }
    },
    "@angular-devkit/build-angular": {
      "version": "0.10.3",
      "resolved": "https://registry.npmjs.org/@angular-devkit/build-angular/-/build-angular-0.10.3.tgz",
      "integrity": "sha512-gV/mLAckS1jaXfuAEaO7p9LqcMrVSmwC2ad85J/unJMqkkxTk7S9TgMe8/A3LIOJ1oZyIKniz/Q30JL092EqRA==",
      "dev": true,
      "requires": {
        "@angular-devkit/architect": "0.10.3",
        "@angular-devkit/build-optimizer": "0.10.3",
        "@angular-devkit/build-webpack": "0.10.3",
        "@angular-devkit/core": "7.0.3",
        "@ngtools/webpack": "7.0.3",
        "ajv": "6.5.3",
        "autoprefixer": "9.1.5",
        "circular-dependency-plugin": "5.0.2",
        "clean-css": "4.2.1",
        "copy-webpack-plugin": "4.5.4",
        "file-loader": "2.0.0",
        "glob": "7.1.3",
        "istanbul": "0.4.5",
        "istanbul-instrumenter-loader": "3.0.1",
        "karma-source-map-support": "1.3.0",
        "less": "3.8.1",
        "less-loader": "4.1.0",
        "license-webpack-plugin": "2.0.2",
        "loader-utils": "1.1.0",
        "mini-css-extract-plugin": "0.4.3",
        "minimatch": "3.0.4",
        "node-sass": "4.9.3",
        "opn": "5.3.0",
        "parse5": "4.0.0",
        "portfinder": "1.0.17",
        "postcss": "7.0.5",
        "postcss-import": "12.0.0",
        "postcss-loader": "3.0.0",
        "raw-loader": "0.5.1",
        "rxjs": "6.3.3",
        "sass-loader": "7.1.0",
        "semver": "5.5.1",
        "source-map-loader": "0.2.4",
        "source-map-support": "0.5.9",
        "speed-measure-webpack-plugin": "^1.2.3",
        "stats-webpack-plugin": "0.7.0",
        "style-loader": "0.23.0",
        "stylus": "0.54.5",
        "stylus-loader": "3.0.2",
        "terser-webpack-plugin": "1.1.0",
        "tree-kill": "1.2.0",
        "webpack": "4.19.1",
        "webpack-dev-middleware": "3.3.0",
        "webpack-dev-server": "3.1.8",
        "webpack-merge": "4.1.4",
        "webpack-sources": "1.2.0",
        "webpack-subresource-integrity": "1.1.0-rc.6"
      }
    },
    "@angular-devkit/build-optimizer": {
      "version": "0.10.3",
      "resolved": "https://registry.npmjs.org/@angular-devkit/build-optimizer/-/build-optimizer-0.10.3.tgz",
      "integrity": "sha512-NgsS0kdUh/Op9+Kzbq0X6AsTV/BgpVtiF5UxZjdWVQgPPOdur5V9PkpRn9odey+06S/wDTE/UzPmT3qKXTQVHw==",
      "dev": true,
      "requires": {
        "loader-utils": "1.1.0",
        "source-map": "0.5.6",
        "typescript": "3.1.3",
        "webpack-sources": "1.2.0"
      },
      "dependencies": {
        "source-map": {
          "version": "0.5.6",
          "resolved": "https://registry.npmjs.org/source-map/-/source-map-0.5.6.tgz",
          "integrity": "sha1-dc449SvwczxafwwRjYEzSiu19BI=",
          "dev": true
        }
      }
    },
    "@angular-devkit/build-webpack": {
      "version": "0.10.3",
      "resolved": "https://registry.npmjs.org/@angular-devkit/build-webpack/-/build-webpack-0.10.3.tgz",
      "integrity": "sha512-2uZselfqpxnPbV9d2dRCgl4lJjD1xemNpRijxFIuxeXvadqTPkHA0YuUkX7CTajtwSWy3Cs69StL87b9gYFLSA==",
      "dev": true,
      "requires": {
        "@angular-devkit/architect": "0.10.3",
        "@angular-devkit/core": "7.0.3",
        "rxjs": "6.3.3"
      }
    },
    "@angular-devkit/core": {
      "version": "7.0.3",
      "resolved": "https://registry.npmjs.org/@angular-devkit/core/-/core-7.0.3.tgz",
      "integrity": "sha512-Yp0AhTuJbp0VwCHTmUOANrKZNQxTD/F49jPmSCBa/VMYMIoU/sUIiHVNdwzfcFnMoExGoXYah0kutBxgNIG3OA==",
      "dev": true,
      "requires": {
        "ajv": "6.5.3",
        "chokidar": "2.0.4",
        "fast-json-stable-stringify": "2.0.0",
        "rxjs": "6.3.3",
        "source-map": "0.7.3"
      }
    },
    "@angular-devkit/schematics": {
      "version": "7.0.3",
      "resolved": "https://registry.npmjs.org/@angular-devkit/schematics/-/schematics-7.0.3.tgz",
      "integrity": "sha512-FhfPvn5hBCNSj39qLgVaSwa6Zl0qt3Uyw4B9M+Kv01/FFc9xrowldzNT4QRxBjjWbr6DssEP+tYQCPV3Ouwx5w==",
      "dev": true,
      "requires": {
        "@angular-devkit/core": "7.0.3",
        "rxjs": "6.3.3"
      }
    },
    "@angular/animations": {
      "version": "7.0.1",
      "resolved": "https://registry.npmjs.org/@angular/animations/-/animations-7.0.1.tgz",
      "integrity": "sha512-gRirN4Maduh198VhpI1cLoWCtD/BTQT4lPuwiVkHYaradiwEqPlyE+EP/4QZRmFZH+BqwvjS+FYtICznE668Cg==",
      "requires": {
        "tslib": "^1.9.0"
      }
    },
    "@angular/cli": {
      "version": "7.0.3",
      "resolved": "https://registry.npmjs.org/@angular/cli/-/cli-7.0.3.tgz",
      "integrity": "sha512-la1Jktl9qGqGLXDy43lTU1D8KkN0zAohD9mOq4ilgNigzpedXFbzsGXJdWv7xVBMG51M6uhw3HWuFprQmbwgIw==",
      "dev": true,
      "requires": {
        "@angular-devkit/architect": "0.10.3",
        "@angular-devkit/core": "7.0.3",
        "@angular-devkit/schematics": "7.0.3",
        "@schematics/angular": "7.0.3",
        "@schematics/update": "0.10.3",
        "inquirer": "6.2.0",
        "opn": "5.3.0",
        "rxjs": "6.3.3",
        "semver": "5.5.1",
        "symbol-observable": "1.2.0"
      }
    },
    "@angular/common": {
      "version": "7.0.1",
      "resolved": "https://registry.npmjs.org/@angular/common/-/common-7.0.1.tgz",
      "integrity": "sha512-QnGwwM6+OLuzu0VZvzQMPENJQgOMmcjZC1vxWu5y62fPI3BsTDYaePOAEN6mfY8R09J90FmF2IXXC5DN/el0Ug==",
      "requires": {
        "tslib": "^1.9.0"
      }
    },
    "@angular/compiler": {
      "version": "7.0.1",
      "resolved": "https://registry.npmjs.org/@angular/compiler/-/compiler-7.0.1.tgz",
      "integrity": "sha512-X/q51ZAFd0GBJyuZTOKpieyePhlNBAfYCPRi57S2BpxG6i9QjjeM+sPwzjsMmU1P6Qyt/pPpVG738mLocPvdpA==",
      "requires": {
        "tslib": "^1.9.0"
      }
    },
    "@angular/compiler-cli": {
      "version": "7.0.1",
      "resolved": "https://registry.npmjs.org/@angular/compiler-cli/-/compiler-cli-7.0.1.tgz",
      "integrity": "sha512-WXl2bDoAYWsxwjuIrY34eNZ6Ph4fUff2eK+ZPnkm5zSud1ZlC0zqcG//ccoLqS4Bly3He2obSJ+8SaQjzsqK1g==",
      "dev": true,
      "requires": {
        "canonical-path": "0.0.2",
        "chokidar": "^1.4.2",
        "convert-source-map": "^1.5.1",
        "dependency-graph": "^0.7.2",
        "magic-string": "^0.25.0",
        "minimist": "^1.2.0",