
{
  "name": "first-web-app",
  "version": "0.0.0",
  "lockfileVersion": 1,
  "requires": true,
  "dependencies": {
    "@angular-devkit/architect": {
      "version": "0.10.3",
      "resolved": "https://registry.npmjs.org/@angular-devkit/architect/-/architect-0.10.3.tgz",
      "integrity": "sha512-6isM3knVRsdS3RTh43cwgOpvp5EIm5OswQuimNru+7uP8qhOBDQdRTd/w/HthmHylKPsEFPqEo1l2KoZCCSwvw==",
      "dev": true,
      "requires": {
        "@angular-devkit/core": "7.0.3",
        "rxjs": "6.3.3"
      }
    },
    "@angular-devkit/build-angular": {
      "version": "0.10.3",
      "resolved": "https://registry.npmjs.org/@angular-devkit/build-angular/-/build-angular-0.10.3.tgz",
      "integrity": "sha512-gV/mLAckS1jaXfuAEaO7p9LqcMrVSmwC2ad85J/unJMqkkxTk7S9TgMe8/A3LIOJ1oZyIKniz/Q30JL092EqRA==",
      "dev": true,
      "requires": {
        "@angular-devkit/architect": "0.10.3",
        "@angular-devkit/build-optimizer": "0.10.3",
        "@angular-devkit/build-webpack": "0.10.3",
        "@angular-devkit/core": "7.0.3",
        "@ngtools/webpack": "7.0.3",
        "ajv": "6.5.3",
        "autoprefixer": "9.1.5",
        "circular-dependency-plugin": "5.0.2",
        "clean-css": "4.2.1",
        "copy-webpack-plugin": "4.5.4",
        "file-loader": "2.0.0",
        "glob": "7.1.3",
        "istanbul": "0.4.5",
        "istanbul-instrumenter-loader": "3.0.1",
        "karma-source-map-support": "1.3.0",
        "less": "3.8.1",
        "less-loader": "4.1.0",
        "license-webpack-plugin": "2.0.2",
        "loader-utils": "1.1.0",
        "mini-css-extract-plugin": "0.4.3",
        "minimatch": "3.0.4",
        "node-sass": "4.9.3",
        "opn": "5.3.0",
        "parse5": "4.0.0",
        "portfinder": "1.0.17",
        "postcss": "7.0.5",
        "postcss-import": "12.0.0",
        "postcss-loader": "3.0.0",
        "raw-loader": "0.5.1",
        "rxjs": "6.3.3",
        "sass-loader": "7.1.0",
        "semver": "5.5.1",
        "source-map-loader": "0.2.4",
        "source-map-support": "0.5.9",
        "speed-measure-webpack-plugin": "^1.2.3",
        "stats-webpack-plugin": "0.7.0",
        "style-loader": "0.23.0",
        "stylus": "0.54.5",
        "stylus-loader": "3.0.2",
        "terser-webpack-plugin": "1.1.0",
        "tree-kill": "1.2.0",
        "webpack": "4.19.1",
        "webpack-dev-middleware": "3.3.0",
        "webpack-dev-server": "3.1.8",
        "webpack-merge": "4.1.4",
        "webpack-sources": "1.2.0",
        "webpack-subresource-integrity": "1.1.0-rc.6"
      }
    },
    "@angular-devkit/build-optimizer": {
      "version": "0.10.3",
      "resolved": "https://registry.npmjs.org/@angular-devkit/build-optimizer/-/build-optimizer-0.10.3.tgz",
      "integrity": "sha512-NgsS0kdUh/Op9+Kzbq0X6AsTV/BgpVtiF5UxZjdWVQgPPOdur5V9PkpRn9odey+06S/wDTE/UzPmT3qKXTQVHw==",
      "dev": true,
      "requires": {
        "loader-utils": "1.1.0",
        "source-map": "0.5.6",
        "typescript": "3.1.3",
        "webpack-sources": "1.2.0"
      },
      "dependencies": {
        "source-map": {
          "version": "0.5.6",
          "resolved": "https://registry.npmjs.org/source-map/-/source-map-0.5.6.tgz",
          "integrity": "sha1-dc449SvwczxafwwRjYEzSiu19BI=",
          "dev": true
        }
      }
    },
    "@angular-devkit/build-webpack": {
      "version": "0.10.3",
      "resolved": "https://registry.npmjs.org/@angular-devkit/build-webpack/-/build-webpack-0.10.3.tgz",
      "integrity": "sha512-2uZselfqpxnPbV9d2dRCgl4lJjD1xemNpRijxFIuxeXvadqTPkHA0YuUkX7CTajtwSWy3Cs69StL87b9gYFLSA==",
      "dev": true,
      "requires": {
        "@angular-devkit/architect": "0.10.3",
        "@angular-devkit/core": "7.0.3",
        "rxjs": "6.3.3"
      }
    },
    "@angular-devkit/core": {
      "version": "7.0.3",
      "resolved": "https://registry.npmjs.org/@angular-devkit/core/-/core-7.0.3.tgz",
      "integrity": "sha512-Yp0AhTuJbp0VwCHTmUOANrKZNQxTD/F49jPmSCBa/VMYMIoU/sUIiHVNdwzfcFnMoExGoXYah0kutBxgNIG3OA==",
      "dev": true,
      "requires": {
        "ajv": "6.5.3",
        "chokidar": "2.0.4",
        "fast-json-stable-stringify": "2.0.0",
        "rxjs": "6.3.3",
        "source-map": "0.7.3"
      }
    },
    "@angular-devkit/schematics": {
      "version": "7.0.3",
      "resolved": "https://registry.npmjs.org/@angular-devkit/schematics/-/schematics-7.0.3.tgz",
      "integrity": "sha512-FhfPvn5hBCNSj39qLgVaSwa6Zl0qt3Uyw4B9M+Kv01/FFc9xrowldzNT4QRxBjjWbr6DssEP+tYQCPV3Ouwx5w==",
      "dev": true,
      "requires": {
        "@angular-devkit/core": "7.0.3",
        "rxjs": "6.3.3"
      }
    },
    "@angular/animations": {
      "version": "7.0.1",
      "resolved": "https://registry.npmjs.org/@angular/animations/-/animations-7.0.1.tgz",
      "integrity": "sha512-gRirN4Maduh198VhpI1cLoWCtD/BTQT4lPuwiVkHYaradiwEqPlyE+EP/4QZRmFZH+BqwvjS+FYtICznE668Cg==",
      "requires": {
        "tslib": "^1.9.0"
      }
    },
    "@angular/cli": {
      "version": "7.0.3",
      "resolved": "https://registry.npmjs.org/@angular/cli/-/cli-7.0.3.tgz",
      "integrity": "sha512-la1Jktl9qGqGLXDy43lTU1D8KkN0zAohD9mOq4ilgNigzpedXFbzsGXJdWv7xVBMG51M6uhw3HWuFprQmbwgIw==",
      "dev": true,
      "requires": {
        "@angular-devkit/architect": "0.10.3",
        "@angular-devkit/core": "7.0.3",
        "@angular-devkit/schematics": "7.0.3",
        "@schematics/angular": "7.0.3",
        "@schematics/update": "0.10.3",
        "inquirer": "6.2.0",
        "opn": "5.3.0",
        "rxjs": "6.3.3",
        "semver": "5.5.1",
        "symbol-observable": "1.2.0"
      }
    },
    "@angular/common": {
      "version": "7.0.1",
      "resolved": "https://registry.npmjs.org/@angular/common/-/common-7.0.1.tgz",
      "integrity": "sha512-QnGwwM6+OLuzu0VZvzQMPENJQgOMmcjZC1vxWu5y62fPI3BsTDYaePOAEN6mfY8R09J90FmF2IXXC5DN/el0Ug==",
      "requires": {
        "tslib": "^1.9.0"
      }
    },
    "@angular/compiler": {
      "version": "7.0.1",
      "resolved": "https://registry.npmjs.org/@angular/compiler/-/compiler-7.0.1.tgz",
      "integrity": "sha512-X/q51ZAFd0GBJyuZTOKpieyePhlNBAfYCPRi57S2BpxG6i9QjjeM+sPwzjsMmU1P6Qyt/pPpVG738mLocPvdpA==",
      "requires": {
        "tslib": "^1.9.0"
      }
    },
    "@angular/compiler-cli": {
      "version": "7.0.1",
      "resolved": "https://registry.npmjs.org/@angular/compiler-cli/-/compiler-cli-7.0.1.tgz",
      "integrity": "sha512-WXl2bDoAYWsxwjuIrY34eNZ6Ph4fUff2eK+ZPnkm5zSud1ZlC0zqcG//ccoLqS4Bly3He2obSJ+8SaQjzsqK1g==",
      "dev": true,
      "requires": {
        "canonical-path": "0.0.2",
        "chokidar": "^1.4.2",
        "convert-source-map": "^1.5.1",
        "dependency-graph": "^0.7.2",
        "magic-string": "^0.25.0",
        "minimist": "^1.2.0",
        "reflect-metadata": "^0.1.2",
        "shelljs": "^0.8.1",
        "source-map": "^0.6.1",
        "yargs": "9.0.1"
      },
      "dependencies": {
        "ansi-regex": {
          "version": "3.0.0",
          "resolved": "https://registry.npmjs.org/ansi-regex/-/ansi-regex-3.0.0.tgz",
          "integrity": "sha1-7QMXwyIGT3lGbAKWa922Bas32Zg=",
          "dev": true
        },
        "anymatch": {
          "version": "1.3.2",
          "resolved": "https://registry.npmjs.org/anymatch/-/anymatch-1.3.2.tgz",
          "integrity": "sha512-0XNayC8lTHQ2OI8aljNCN3sSx6hsr/1+rlcDAotXJR7C1oZZHCNsfpbKwMjRA3Uqb5tF1Rae2oloTr4xpq+WjA==",
          "dev": true,
          "requires": {
            "micromatch": "^2.1.5",
            "normalize-path": "^2.0.0"
          }
        },
        "arr-diff": {
          "version": "2.0.0",
          "resolved": "https://registry.npmjs.org/arr-diff/-/arr-diff-2.0.0.tgz",
          "integrity": "sha1-jzuCf5Vai9ZpaX5KQlasPOrjVs8=",
          "dev": true,
          "requires": {
            "arr-flatten": "^1.0.1"
          }
        },
        "array-unique": {
          "version": "0.2.1",
          "resolved": "https://registry.npmjs.org/array-unique/-/array-unique-0.2.1.tgz",
          "integrity": "sha1-odl8yvy8JiXMcPrc6zalDFiwGlM=",
          "dev": true
        },
        "braces": {
          "version": "1.8.5",
          "resolved": "https://registry.npmjs.org/braces/-/braces-1.8.5.tgz",
          "integrity": "sha1-uneWLhLf+WnWt2cR6RS3N4V79qc=",
          "dev": true,
          "requires": {
            "expand-range": "^1.8.1",
            "preserve": "^0.2.0",
            "repeat-element": "^1.1.2"
          }
        },
        "camelcase": {
          "version": "4.1.0",
          "resolved": "https://registry.npmjs.org/camelcase/-/camelcase-4.1.0.tgz",
          "integrity": "sha1-1UVjW+HjPFQmScaRc+Xeas+uNN0=",
          "dev": true
        },
        "chokidar": {
          "version": "1.7.0",
          "resolved": "https://registry.npmjs.org/chokidar/-/chokidar-1.7.0.tgz",
          "integrity": "sha1-eY5ol3gVHIB2tLNg5e3SjNortGg=",
          "dev": true,
          "requires": {
            "anymatch": "^1.3.0",
            "async-each": "^1.0.0",
            "fsevents": "^1.0.0",
            "glob-parent": "^2.0.0",
            "inherits": "^2.0.1",
            "is-binary-path": "^1.0.0",
            "is-glob": "^2.0.0",
            "path-is-absolute": "^1.0.0",
            "readdirp": "^2.0.0"
          }
        },
        "cross-spawn": {
          "version": "5.1.0",
          "resolved": "https://registry.npmjs.org/cross-spawn/-/cross-spawn-5.1.0.tgz",
          "integrity": "sha1-6L0O/uWPz/b4+UUQoKVUu/ojVEk=",
          "dev": true,
          "requires": {
            "lru-cache": "^4.0.1",
            "shebang-command": "^1.2.0",
            "which": "^1.2.9"
          }
        },
        "execa": {
          "version": "0.7.0",
          "resolved": "https://registry.npmjs.org/execa/-/execa-0.7.0.tgz",
          "integrity": "sha1-lEvs00zEHuMqY6n68nrVpl/Fl3c=",
          "dev": true,
          "requires": {
            "cross-spawn": "^5.0.1",
            "get-stream": "^3.0.0",
            "is-stream": "^1.1.0",
            "npm-run-path": "^2.0.0",
            "p-finally": "^1.0.0",
            "signal-exit": "^3.0.0",
            "strip-eof": "^1.0.0"
          }
        },
        "expand-brackets": {
          "version": "0.1.5",
          "resolved": "https://registry.npmjs.org/expand-brackets/-/expand-brackets-0.1.5.tgz",
          "integrity": "sha1-3wcoTjQqgHzXM6xa9yQR5YHRF3s=",
          "dev": true,
          "requires": {
            "is-posix-bracket": "^0.1.0"
          }
        },
        "extglob": {
          "version": "0.3.2",
          "resolved": "https://registry.npmjs.org/extglob/-/extglob-0.3.2.tgz",
          "integrity": "sha1-Lhj/PS9JqydlzskCPwEdqo2DSaE=",
          "dev": true,
          "requires": {
            "is-extglob": "^1.0.0"
          }
        },
        "glob-parent": {
          "version": "2.0.0",
          "resolved": "https://registry.npmjs.org/glob-parent/-/glob-parent-2.0.0.tgz",
          "integrity": "sha1-gTg9ctsFT8zPUzbaqQLxgvbtuyg=",
          "dev": true,
          "requires": {
            "is-glob": "^2.0.0"
          }
        },
        "is-extglob": {
          "version": "1.0.0",
          "resolved": "https://registry.npmjs.org/is-extglob/-/is-extglob-1.0.0.tgz",
          "integrity": "sha1-rEaBd8SUNAWgkvyPKXYMb/xiBsA=",
          "dev": true
        },
        "is-fullwidth-code-point": {
          "version": "2.0.0",
          "resolved": "https://registry.npmjs.org/is-fullwidth-code-point/-/is-fullwidth-code-point-2.0.0.tgz",
          "integrity": "sha1-o7MKXE8ZkYMWeqq5O+764937ZU8=",
          "dev": true
        },
        "is-glob": {
          "version": "2.0.1",
          "resolved": "https://registry.npmjs.org/is-glob/-/is-glob-2.0.1.tgz",
          "integrity": "sha1-0Jb5JqPe1WAPP9/ZEZjLCIjC2GM=",
          "dev": true,
          "requires": {
            "is-extglob": "^1.0.0"
          }
        },
        "kind-of": {
          "version": "3.2.2",
          "resolved": "https://registry.npmjs.org/kind-of/-/kind-of-3.2.2.tgz",
          "integrity": "sha1-MeohpzS6ubuw8yRm2JOupR5KPGQ=",
          "dev": true,
          "requires": {
            "is-buffer": "^1.1.5"
          }
        },
        "load-json-file": {
          "version": "2.0.0",
          "resolved": "http://registry.npmjs.org/load-json-file/-/load-json-file-2.0.0.tgz",
          "integrity": "sha1-eUfkIUmvgNaWy/eXvKq8/h/inKg=",
          "dev": true,
          "requires": {
            "graceful-fs": "^4.1.2",
            "parse-json": "^2.2.0",
            "pify": "^2.0.0",
            "strip-bom": "^3.0.0"
          }
        },
        "mem": {
          "version": "1.1.0",
          "resolved": "https://registry.npmjs.org/mem/-/mem-1.1.0.tgz",
          "integrity": "sha1-Xt1StIXKHZAP5kiVUFOZoN+kX3Y=",
          "dev": true,
          "requires": {
            "mimic-fn": "^1.0.0"
          }
        },
        "micromatch": {
          "version": "2.3.11",
          "resolved": "https://registry.npmjs.org/micromatch/-/micromatch-2.3.11.tgz",
          "integrity": "sha1-hmd8l9FyCzY0MdBNDRUpO9OMFWU=",
          "dev": true,
          "requires": {
            "arr-diff": "^2.0.0",
            "array-unique": "^0.2.1",
            "braces": "^1.8.2",
            "expand-brackets": "^0.1.4",
            "extglob": "^0.3.1",
            "filename-regex": "^2.0.0",
            "is-extglob": "^1.0.0",
            "is-glob": "^2.0.1",
            "kind-of": "^3.0.2",
            "normalize-path": "^2.0.1",
            "object.omit": "^2.0.0",
            "parse-glob": "^3.0.4",
            "regex-cache": "^0.4.2"
          }
        },
        "minimist": {
          "version": "1.2.0",
          "resolved": "http://registry.npmjs.org/minimist/-/minimist-1.2.0.tgz",
          "integrity": "sha1-o1AIsg9BOD7sH7kU9M1d95omQoQ=",
          "dev": true
        },
        "os-locale": {
          "version": "2.1.0",
          "resolved": "https://registry.npmjs.org/os-locale/-/os-locale-2.1.0.tgz",
          "integrity": "sha512-3sslG3zJbEYcaC4YVAvDorjGxc7tv6KVATnLPZONiljsUncvihe9BQoVCEs0RZ1kmf4Hk9OBqlZfJZWI4GanKA==",
          "dev": true,
          "requires": {
            "execa": "^0.7.0",
            "lcid": "^1.0.0",
            "mem": "^1.1.0"
          }
        },
        "path-type": {
          "version": "2.0.0",
          "resolved": "https://registry.npmjs.org/path-type/-/path-type-2.0.0.tgz",
          "integrity": "sha1-8BLMuEFbcJb8LaoQVMPXI4lZTHM=",
          "dev": true,
          "requires": {
            "pify": "^2.0.0"
          }
        },
        "pify": {
          "version": "2.3.0",
          "resolved": "http://registry.npmjs.org/pify/-/pify-2.3.0.tgz",
          "integrity": "sha1-7RQaasBDqEnqWISY59yosVMw6Qw=",
          "dev": true
        },
        "read-pkg": {
          "version": "2.0.0",
          "resolved": "https://registry.npmjs.org/read-pkg/-/read-pkg-2.0.0.tgz",
          "integrity": "sha1-jvHAYjxqbbDcZxPEv6xGMysjaPg=",
          "dev": true,
          "requires": {
            "load-json-file": "^2.0.0",
            "normalize-package-data": "^2.3.2",
            "path-type": "^2.0.0"
          }
        },
        "read-pkg-up": {
          "version": "2.0.0",
          "resolved": "https://registry.npmjs.org/read-pkg-up/-/read-pkg-up-2.0.0.tgz",
          "integrity": "sha1-a3KoBImE4MQeeVEP1en6mbO1Sb4=",
          "dev": true,
          "requires": {
            "find-up": "^2.0.0",
            "read-pkg": "^2.0.0"
          }
        },
        "source-map": {
          "version": "0.6.1",
          "resolved": "https://registry.npmjs.org/source-map/-/source-map-0.6.1.tgz",
          "integrity": "sha512-UjgapumWlbMhkBgzT7Ykc5YXUT46F0iKu8SGXq0bcwP5dz/h0Plj6enJqjz1Zbq2l5WaqYnrVbwWOWMyF3F47g==",
          "dev": true
        },
        "string-width": {
          "version": "2.1.1",
          "resolved": "https://registry.npmjs.org/string-width/-/string-width-2.1.1.tgz",
          "integrity": "sha512-nOqH59deCq9SRHlxq1Aw85Jnt4w6KvLKqWVik6oA9ZklXLNIOlqg4F2yrT1MVaTjAqvVwdfeZ7w7aCvJD7ugkw==",
          "dev": true,
          "requires": {
            "is-fullwidth-code-point": "^2.0.0",
            "strip-ansi": "^4.0.0"
          }
        },
        "strip-ansi": {
          "version": "4.0.0",
          "resolved": "https://registry.npmjs.org/strip-ansi/-/strip-ansi-4.0.0.tgz",
          "integrity": "sha1-qEeQIusaw2iocTibY1JixQXuNo8=",
          "dev": true,
          "requires": {
            "ansi-regex": "^3.0.0"
          }
        },
        "strip-bom": {
          "version": "3.0.0",
          "resolved": "https://registry.npmjs.org/strip-bom/-/strip-bom-3.0.0.tgz",
          "integrity": "sha1-IzTBjpx1n3vdVv3vfprj1YjmjtM=",
          "dev": true
        },
        "which-module": {
          "version": "2.0.0",
          "resolved": "https://registry.npmjs.org/which-module/-/which-module-2.0.0.tgz",
          "integrity": "sha1-2e8H3Od7mQK4o6j6SzHD4/fm6Ho=",
          "dev": true
        },
        "y18n": {
          "version": "3.2.1",
          "resolved": "https://registry.npmjs.org/y18n/-/y18n-3.2.1.tgz",
          "integrity": "sha1-bRX7qITAhnnA136I53WegR4H+kE=",
          "dev": true
        },
        "yargs": {
          "version": "9.0.1",
          "resolved": "https://registry.npmjs.org/yargs/-/yargs-9.0.1.tgz",
          "integrity": "sha1-UqzCP+7Kw0BCB47njAwAf1CF20w=",
          "dev": true,
          "requires": {
            "camelcase": "^4.1.0",
            "cliui": "^3.2.0",
            "decamelize": "^1.1.1",
            "get-caller-file": "^1.0.1",
            "os-locale": "^2.0.0",
            "read-pkg-up": "^2.0.0",
            "require-directory": "^2.1.1",
            "require-main-filename": "^1.0.1",
            "set-blocking": "^2.0.0",
            "string-width": "^2.0.0",
            "which-module": "^2.0.0",
            "y18n": "^3.2.1",
            "yargs-parser": "^7.0.0"
          }
        },
        "yargs-parser": {
          "version": "7.0.0",
          "resolved": "https://registry.npmjs.org/yargs-parser/-/yargs-parser-7.0.0.tgz",
          "integrity": "sha1-jQrELxbqVd69MyyvTEA4s+P139k=",
          "dev": true,
          "requires": {
            "camelcase": "^4.1.0"
          }
        }
      }
    },
    "@angular/core": {
      "version": "7.0.1",
      "resolved": "https://registry.npmjs.org/@angular/core/-/core-7.0.1.tgz",
      "integrity": "sha512-u/3Xx+tIddVC1wANjK1F102uG8fQrNd4Y9nlz3vtKcnFX66b2SQlnjWd18L8FmzYtzaI44RxSWWTPQB0eTx1xw==",
      "requires": {
        "tslib": "^1.9.0"
      }
    },
    "@angular/forms": {
      "version": "7.0.1",
      "resolved": "https://registry.npmjs.org/@angular/forms/-/forms-7.0.1.tgz",
      "integrity": "sha512-AjpPe3cg2S3hfp9p5IGvvoXt7tqhHnz8V6f7BWR+cp6Jxn0OBpBt8a+5AXIiUZ+X+9CtDVJZXMyiTfZwUhbvIw==",
      "requires": {
        "tslib": "^1.9.0"
      }
    },
    "@angular/http": {
      "version": "7.0.1",
      "resolved": "https://registry.npmjs.org/@angular/http/-/http-7.0.1.tgz",
      "integrity": "sha512-3W5k5cSj9qj8jVU1EgtGKCxVcP1SH/LB5X34oVjtIEZBAESC8ZT1sYr+AvZLFs8Bw0EmqzQJ/hA2PziUZ2jsUw==",
      "requires": {
        "tslib": "^1.9.0"
      }
    },
    "@angular/language-service": {
      "version": "7.0.1",
      "resolved": "https://registry.npmjs.org/@angular/language-service/-/language-service-7.0.1.tgz",
      "integrity": "sha512-RtGG0YDWUXD06xwKIEN8vECHV4zKGzIpjzoxNYSNjR1KLXQUElMfQFEx79kmlKbcRt7I+g8c2wGzFnqjopCpeQ==",
      "dev": true
    },
    "@angular/platform-browser": {
      "version": "7.0.1",
      "resolved": "https://registry.npmjs.org/@angular/platform-browser/-/platform-browser-7.0.1.tgz",
      "integrity": "sha512-rGD9c6GN1oDdwy2FkcGKV11Pj3BFKGvnKByawv3S7DutrSgSF4LO529CFiGD0eMTCh2C/yzufC8pXngPj/XHUA==",
      "requires": {
        "tslib": "^1.9.0"
      }
    },
    "@angular/platform-browser-dynamic": {
      "version": "7.0.1",
      "resolved": "https://registry.npmjs.org/@angular/platform-browser-dynamic/-/platform-browser-dynamic-7.0.1.tgz",
      "integrity": "sha512-9pn+1lSxXXq6swrlAHlyufcy7sGolQklyrHm79kr6RXnl/hwEvxuFZQ+ki3bihdcUt9sgu3uPrw4I0a5TtzGhQ==",
      "requires": {
        "tslib": "^1.9.0"
      }
    },
    "@angular/router": {
      "version": "7.0.1",
      "resolved": "https://registry.npmjs.org/@angular/router/-/router-7.0.1.tgz",
      "integrity": "sha512-1HhTsbwZYxXLgfd6g9Ok2UQjtRBttSaBkWdRM5hbisl3nMnnNOGEMF/B4/UrRQ7phqbUw4eKniUcZm/7UbK7EA==",
      "requires": {
        "tslib": "^1.9.0"
      }
    },
    "@babel/code-frame": {
      "version": "7.0.0",
      "resolved": "https://registry.npmjs.org/@babel/code-frame/-/code-frame-7.0.0.tgz",
      "integrity": "sha512-OfC2uemaknXr87bdLUkWog7nYuliM9Ij5HUcajsVcMCpQrcLmtxRbVFTIqmcSkSeYRBFBRxs2FiUqFJDLdiebA==",
      "dev": true,
      "requires": {
        "@babel/highlight": "^7.0.0"
      }
    },
    "@babel/generator": {
      "version": "7.1.3",
      "resolved": "https://registry.npmjs.org/@babel/generator/-/generator-7.1.3.tgz",
      "integrity": "sha512-ZoCZGcfIJFJuZBqxcY9OjC1KW2lWK64qrX1o4UYL3yshVhwKFYgzpWZ0vvtGMNJdTlvkw0W+HR1VnYN8q3QPFQ==",
      "dev": true,
      "requires": {
        "@babel/types": "^7.1.3",
        "jsesc": "^2.5.1",
        "lodash": "^4.17.10",
        "source-map": "^0.5.0",
        "trim-right": "^1.0.1"
      },
      "dependencies": {
        "jsesc": {
          "version": "2.5.1",
          "resolved": "https://registry.npmjs.org/jsesc/-/jsesc-2.5.1.tgz",
          "integrity": "sha1-5CGiqOINawgZ3yiQj3glJrlt0f4=",
          "dev": true
        },
        "source-map": {
          "version": "0.5.7",
          "resolved": "https://registry.npmjs.org/source-map/-/source-map-0.5.7.tgz",
          "integrity": "sha1-igOdLRAh0i0eoUyA2OpGi6LvP8w=",
          "dev": true
        }
      }
    },
    "@babel/helper-function-name": {
      "version": "7.1.0",
      "resolved": "https://registry.npmjs.org/@babel/helper-function-name/-/helper-function-name-7.1.0.tgz",
      "integrity": "sha512-A95XEoCpb3TO+KZzJ4S/5uW5fNe26DjBGqf1o9ucyLyCmi1dXq/B3c8iaWTfBk3VvetUxl16e8tIrd5teOCfGw==",
      "dev": true,
      "requires": {
        "@babel/helper-get-function-arity": "^7.0.0",
        "@babel/template": "^7.1.0",
        "@babel/types": "^7.0.0"
      }
    },
    "@babel/helper-get-function-arity": {
      "version": "7.0.0",
      "resolved": "https://registry.npmjs.org/@babel/helper-get-function-arity/-/helper-get-function-arity-7.0.0.tgz",
      "integrity": "sha512-r2DbJeg4svYvt3HOS74U4eWKsUAMRH01Z1ds1zx8KNTPtpTL5JAsdFv8BNyOpVqdFhHkkRDIg5B4AsxmkjAlmQ==",
      "dev": true,
      "requires": {
        "@babel/types": "^7.0.0"
      }
    },
    "@babel/helper-split-export-declaration": {
      "version": "7.0.0",
      "resolved": "https://registry.npmjs.org/@babel/helper-split-export-declaration/-/helper-split-export-declaration-7.0.0.tgz",
      "integrity": "sha512-MXkOJqva62dfC0w85mEf/LucPPS/1+04nmmRMPEBUB++hiiThQ2zPtX/mEWQ3mtzCEjIJvPY8nuwxXtQeQwUag==",
      "dev": true,
      "requires": {
        "@babel/types": "^7.0.0"
      }
    },
    "@babel/highlight": {
      "version": "7.0.0",
      "resolved": "https://registry.npmjs.org/@babel/highlight/-/highlight-7.0.0.tgz",
      "integrity": "sha512-UFMC4ZeFC48Tpvj7C8UgLvtkaUuovQX+5xNWrsIoMG8o2z+XFKjKaN9iVmS84dPwVN00W4wPmqvYoZF3EGAsfw==",
      "dev": true,
      "requires": {
        "chalk": "^2.0.0",
        "esutils": "^2.0.2",
        "js-tokens": "^4.0.0"
      },
      "dependencies": {
        "js-tokens": {
          "version": "4.0.0",
          "resolved": "https://registry.npmjs.org/js-tokens/-/js-tokens-4.0.0.tgz",
          "integrity": "sha512-RdJUflcE3cUzKiMqQgsCu06FPu9UdIJO0beYbPhHN4k6apgJtifcoCtT9bcxOpYBtpD2kCM6Sbzg4CausW/PKQ==",
          "dev": true
        }
      }
    },
    "@babel/parser": {
      "version": "7.1.3",
      "resolved": "https://registry.npmjs.org/@babel/parser/-/parser-7.1.3.tgz",
      "integrity": "sha512-gqmspPZOMW3MIRb9HlrnbZHXI1/KHTOroBwN1NcLL6pWxzqzEKGvRTq0W/PxS45OtQGbaFikSQpkS5zbnsQm2w==",
      "dev": true
    },
    "@babel/template": {
      "version": "7.1.2",
      "resolved": "https://registry.npmjs.org/@babel/template/-/template-7.1.2.tgz",
      "integrity": "sha512-SY1MmplssORfFiLDcOETrW7fCLl+PavlwMh92rrGcikQaRq4iWPVH0MpwPpY3etVMx6RnDjXtr6VZYr/IbP/Ag==",
      "dev": true,
      "requires": {
        "@babel/code-frame": "^7.0.0",
        "@babel/parser": "^7.1.2",
        "@babel/types": "^7.1.2"
      }
    },
    "@babel/traverse": {
      "version": "7.1.4",
      "resolved": "https://registry.npmjs.org/@babel/traverse/-/traverse-7.1.4.tgz",
      "integrity": "sha512-my9mdrAIGdDiSVBuMjpn/oXYpva0/EZwWL3sm3Wcy/AVWO2eXnsoZruOT9jOGNRXU8KbCIu5zsKnXcAJ6PcV6Q==",
      "dev": true,
      "requires": {
        "@babel/code-frame": "^7.0.0",
        "@babel/generator": "^7.1.3",
        "@babel/helper-function-name": "^7.1.0",
        "@babel/helper-split-export-declaration": "^7.0.0",
        "@babel/parser": "^7.1.3",
        "@babel/types": "^7.1.3",
        "debug": "^3.1.0",
        "globals": "^11.1.0",
        "lodash": "^4.17.10"
      },
      "dependencies": {
        "debug": {
          "version": "3.2.6",
          "resolved": "https://registry.npmjs.org/debug/-/debug-3.2.6.tgz",
          "integrity": "sha512-mel+jf7nrtEl5Pn1Qx46zARXKDpBbvzezse7p7LqINmdoIk8PYP5SySaxEmYv6TZ0JyEKA1hsCId6DIhgITtWQ==",
          "dev": true,
          "requires": {
            "ms": "^2.1.1"
          }
        },
        "globals": {
          "version": "11.8.0",
          "resolved": "https://registry.npmjs.org/globals/-/globals-11.8.0.tgz",
          "integrity": "sha512-io6LkyPVuzCHBSQV9fmOwxZkUk6nIaGmxheLDgmuFv89j0fm2aqDbIXKAGfzCMHqz3HLF2Zf8WSG6VqMh2qFmA==",
          "dev": true
        },
        "ms": {
          "version": "2.1.1",
          "resolved": "https://registry.npmjs.org/ms/-/ms-2.1.1.tgz",
          "integrity": "sha512-tgp+dl5cGk28utYktBsrFqA7HKgrhgPsg6Z/EfhWI4gl1Hwq8B/GmY/0oXZ6nF8hDVesS/FpnYaD/kOWhYQvyg==",
          "dev": true
        }
      }
    },
    "@babel/types": {
      "version": "7.1.3",
      "resolved": "https://registry.npmjs.org/@babel/types/-/types-7.1.3.tgz",
      "integrity": "sha512-RpPOVfK+yatXyn8n4PB1NW6k9qjinrXrRR8ugBN8fD6hCy5RXI6PSbVqpOJBO9oSaY7Nom4ohj35feb0UR9hSA==",
      "dev": true,
      "requires": {
        "esutils": "^2.0.2",
        "lodash": "^4.17.10",
        "to-fast-properties": "^2.0.0"
      },
      "dependencies": {
        "to-fast-properties": {
          "version": "2.0.0",
          "resolved": "https://registry.npmjs.org/to-fast-properties/-/to-fast-properties-2.0.0.tgz",
          "integrity": "sha1-3F5pjL0HkmW8c+A3doGk5Og/YW4=",
          "dev": true
        }
      }
    },
    "@ngtools/webpack": {
      "version": "7.0.3",
      "resolved": "https://registry.npmjs.org/@ngtools/webpack/-/webpack-7.0.3.tgz",
      "integrity": "sha512-8vllt35aCARPF8LJ3YfVpqTG39/vDLtY8+8LZqUKnOIlX9F0uzuQl86pmKoIAyk6sLPkR0SpaMGwYDunVjzxRQ==",
      "dev": true,
      "requires": {
        "@angular-devkit/core": "7.0.3",
        "enhanced-resolve": "4.1.0",
        "rxjs": "6.3.3",
        "tree-kill": "1.2.0",
        "webpack-sources": "1.2.0"
      }
    },
    "@schematics/angular": {
      "version": "7.0.3",
      "resolved": "https://registry.npmjs.org/@schematics/angular/-/angular-7.0.3.tgz",
      "integrity": "sha512-x367+yMZIyGL+XWcSELsjyv2x0sZWlEd/5uEGalFqH2Q8ViXkTnXWek7TzzGjt+APM8WfF2JUbrmb8yxZ2g99Q==",
      "dev": true,
      "requires": {
        "@angular-devkit/core": "7.0.3",
        "@angular-devkit/schematics": "7.0.3",
        "typescript": "3.1.3"
      }
    },
    "@schematics/update": {
      "version": "0.10.3",
      "resolved": "https://registry.npmjs.org/@schematics/update/-/update-0.10.3.tgz",
      "integrity": "sha512-ExL2+qeQERihsYSJnOvIk10z1uWdh848bLla5Tb1SfH8Qwd16mmFhlBb4p6plK6/jL2zf9FndjV6dVwZ8iyOkA==",
      "dev": true,
      "requires": {
        "@angular-devkit/core": "7.0.3",
        "@angular-devkit/schematics": "7.0.3",
        "npm-registry-client": "8.6.0",
        "rxjs": "6.3.3",
        "semver": "5.5.1",
        "semver-intersect": "1.4.0"
      }
    },
    "@types/jasmine": {
      "version": "2.8.9",
      "resolved": "https://registry.npmjs.org/@types/jasmine/-/jasmine-2.8.9.tgz",
      "integrity": "sha512-8dPZwjosElZOGGYw1nwTvOEMof4gjwAWNFS93nBI091BoEfd5drnHOLRMiRF/LOPuMTn5LgEdv0bTUO8QFVuHQ==",
      "dev": true
    },
    "@types/jasminewd2": {
      "version": "2.0.5",
      "resolved": "https://registry.npmjs.org/@types/jasminewd2/-/jasminewd2-2.0.5.tgz",
      "integrity": "sha512-1awkm/O4pQCR9hI2F80HmIOda/L+ogkSL8Arj1k00eue5VLY5ooewhSOyF/cUJE0S+/34uD5EYY3zmd6fu2OCA==",
      "dev": true,
      "requires": {
        "@types/jasmine": "*"
      }
    },
    "@types/node": {
      "version": "8.9.5",
      "resolved": "http://registry.npmjs.org/@types/node/-/node-8.9.5.tgz",
      "integrity": "sha512-jRHfWsvyMtXdbhnz5CVHxaBgnV6duZnPlQuRSo/dm/GnmikNcmZhxIES4E9OZjUmQ8C+HCl4KJux+cXN/ErGDQ==",
      "dev": true
    },
    "@types/q": {
      "version": "0.0.32",
      "resolved": "http://registry.npmjs.org/@types/q/-/q-0.0.32.tgz",
      "integrity": "sha1-vShOV8hPEyXacCur/IKlMoGQwMU=",